// !$*UTF8*$!
{
	archiveVersion = 1;
	classes = {
	};
	objectVersion = 51;
	objects = {

/* Begin PBXBuildFile section */
		058557BB273AAA24004C7B11 /* Assets.xcassets in Resources */ = {isa = PBXBuildFile; fileRef = 058557BA273AAA24004C7B11 /* Assets.xcassets */; };
		058557D9273AAEEB004C7B11 /* Preview Assets.xcassets in Resources */ = {isa = PBXBuildFile; fileRef = 058557D8273AAEEB004C7B11 /* Preview Assets.xcassets */; };
		53428A7F5E9E2BD96EBAEB3D /* Pods_iosApp.framework in Frameworks */ = {isa = PBXBuildFile; fileRef = 31F07845F4761798D59B3047 /* Pods_iosApp.framework */; };
		91000FB629877F3100DD8074 /* AppAssembler.swift in Sources */ = {isa = PBXBuildFile; fileRef = 91000FB529877F3100DD8074 /* AppAssembler.swift */; };
		91000FB829877F9300DD8074 /* FeatureAssembler.swift in Sources */ = {isa = PBXBuildFile; fileRef = 91000FB729877F9300DD8074 /* FeatureAssembler.swift */; };
		91000FBA29877FE700DD8074 /* View.swift in Sources */ = {isa = PBXBuildFile; fileRef = 91000FB929877FE700DD8074 /* View.swift */; };
		91000FBC2987802000DD8074 /* ObservableObject.swift in Sources */ = {isa = PBXBuildFile; fileRef = 91000FBB2987802000DD8074 /* ObservableObject.swift */; };
		91000FBE2987804C00DD8074 /* UIScreen.swift in Sources */ = {isa = PBXBuildFile; fileRef = 91000FBD2987804C00DD8074 /* UIScreen.swift */; };
		91000FC12987808F00DD8074 /* ViewWrapper.swift in Sources */ = {isa = PBXBuildFile; fileRef = 91000FC02987808F00DD8074 /* ViewWrapper.swift */; };
		91000FC3298780EE00DD8074 /* LoadingModifier.swift in Sources */ = {isa = PBXBuildFile; fileRef = 91000FC2298780EE00DD8074 /* LoadingModifier.swift */; };
		91000FC52987811E00DD8074 /* Error.swift in Sources */ = {isa = PBXBuildFile; fileRef = 91000FC42987811E00DD8074 /* Error.swift */; };
		91000FC82987819300DD8074 /* Koin.swift in Sources */ = {isa = PBXBuildFile; fileRef = 91000FC72987819300DD8074 /* Koin.swift */; };
		91000FCC298781E500DD8074 /* RocketLaunchView.swift in Sources */ = {isa = PBXBuildFile; fileRef = 91000FCB298781E500DD8074 /* RocketLaunchView.swift */; };
		91000FCF2987820900DD8074 /* RocketLaunchViewModel.swift in Sources */ = {isa = PBXBuildFile; fileRef = 91000FCE2987820900DD8074 /* RocketLaunchViewModel.swift */; };
		91000FD12987823000DD8074 /* AppDelegate.swift in Sources */ = {isa = PBXBuildFile; fileRef = 91000FD02987823000DD8074 /* AppDelegate.swift */; };
		91000FD6298782C300DD8074 /* RocketLaunchNavigator.swift in Sources */ = {isa = PBXBuildFile; fileRef = 91000FD5298782C300DD8074 /* RocketLaunchNavigator.swift */; };
		91000FD8298788E400DD8074 /* DataState.swift in Sources */ = {isa = PBXBuildFile; fileRef = 91000FD7298788E400DD8074 /* DataState.swift */; };
		91000FDA298789CC00DD8074 /* ActivityIndicator.swift in Sources */ = {isa = PBXBuildFile; fileRef = 91000FD9298789CC00DD8074 /* ActivityIndicator.swift */; };
		91BD2FE2298A163F00EC8A2F /* SessionManager.swift in Sources */ = {isa = PBXBuildFile; fileRef = 91BD2FE1298A163F00EC8A2F /* SessionManager.swift */; };
		9A628B4C298A1F6400A7E0D3 /* LoginView.swift in Sources */ = {isa = PBXBuildFile; fileRef = 9A628B4B298A1F6400A7E0D3 /* LoginView.swift */; };
		9A628B4E298A25C300A7E0D3 /* MembershipNavigator.swift in Sources */ = {isa = PBXBuildFile; fileRef = 9A628B4D298A25C300A7E0D3 /* MembershipNavigator.swift */; };
		9A628B50298A25FA00A7E0D3 /* MembershipAssembler.swift in Sources */ = {isa = PBXBuildFile; fileRef = 9A628B4F298A25FA00A7E0D3 /* MembershipAssembler.swift */; };
		9A628B52298A620700A7E0D3 /* RegisterView.swift in Sources */ = {isa = PBXBuildFile; fileRef = 9A628B51298A620700A7E0D3 /* RegisterView.swift */; };
		9A628B55298A744600A7E0D3 /* StoryView.swift in Sources */ = {isa = PBXBuildFile; fileRef = 9A628B54298A744600A7E0D3 /* StoryView.swift */; };
		9A628B5A298A747900A7E0D3 /* AddStoryView.swift in Sources */ = {isa = PBXBuildFile; fileRef = 9A628B59298A747900A7E0D3 /* AddStoryView.swift */; };
		9A628B5C298A799100A7E0D3 /* StoryAssembler.swift in Sources */ = {isa = PBXBuildFile; fileRef = 9A628B5B298A799100A7E0D3 /* StoryAssembler.swift */; };
		9A628B5E298A79A200A7E0D3 /* StoryNavigator.swift in Sources */ = {isa = PBXBuildFile; fileRef = 9A628B5D298A79A200A7E0D3 /* StoryNavigator.swift */; };
		9A628B60298A8DED00A7E0D3 /* UIViewController.swift in Sources */ = {isa = PBXBuildFile; fileRef = 9A628B5F298A8DED00A7E0D3 /* UIViewController.swift */; };
		9A628B65298B226400A7E0D3 /* CustomWebImage.swift in Sources */ = {isa = PBXBuildFile; fileRef = 9A628B64298B226400A7E0D3 /* CustomWebImage.swift */; };
		9A628B67298B27EA00A7E0D3 /* StoryViewModel.swift in Sources */ = {isa = PBXBuildFile; fileRef = 9A628B66298B27EA00A7E0D3 /* StoryViewModel.swift */; };
/* End PBXBuildFile section */

/* Begin PBXFileReference section */
		058557BA273AAA24004C7B11 /* Assets.xcassets */ = {isa = PBXFileReference; lastKnownFileType = folder.assetcatalog; path = Assets.xcassets; sourceTree = "<group>"; };
		058557D8273AAEEB004C7B11 /* Preview Assets.xcassets */ = {isa = PBXFileReference; lastKnownFileType = folder.assetcatalog; path = "Preview Assets.xcassets"; sourceTree = "<group>"; };
		31F07845F4761798D59B3047 /* Pods_iosApp.framework */ = {isa = PBXFileReference; explicitFileType = wrapper.framework; includeInIndex = 0; path = Pods_iosApp.framework; sourceTree = BUILT_PRODUCTS_DIR; };
		73CCBF082B03E4B3B7EE6474 /* Pods-iosApp.debug.xcconfig */ = {isa = PBXFileReference; includeInIndex = 1; lastKnownFileType = text.xcconfig; name = "Pods-iosApp.debug.xcconfig"; path = "Target Support Files/Pods-iosApp/Pods-iosApp.debug.xcconfig"; sourceTree = "<group>"; };
		7555FF7B242A565900829871 /* iosApp.app */ = {isa = PBXFileReference; explicitFileType = wrapper.application; includeInIndex = 0; path = iosApp.app; sourceTree = BUILT_PRODUCTS_DIR; };
		7555FF8C242A565B00829871 /* Info.plist */ = {isa = PBXFileReference; lastKnownFileType = text.plist.xml; path = Info.plist; sourceTree = "<group>"; };
		91000FB529877F3100DD8074 /* AppAssembler.swift */ = {isa = PBXFileReference; lastKnownFileType = sourcecode.swift; path = AppAssembler.swift; sourceTree = "<group>"; };
		91000FB729877F9300DD8074 /* FeatureAssembler.swift */ = {isa = PBXFileReference; lastKnownFileType = sourcecode.swift; path = FeatureAssembler.swift; sourceTree = "<group>"; };
		91000FB929877FE700DD8074 /* View.swift */ = {isa = PBXFileReference; lastKnownFileType = sourcecode.swift; path = View.swift; sourceTree = "<group>"; };
		91000FBB2987802000DD8074 /* ObservableObject.swift */ = {isa = PBXFileReference; lastKnownFileType = sourcecode.swift; path = ObservableObject.swift; sourceTree = "<group>"; };
		91000FBD2987804C00DD8074 /* UIScreen.swift */ = {isa = PBXFileReference; lastKnownFileType = sourcecode.swift; path = UIScreen.swift; sourceTree = "<group>"; };
		91000FC02987808F00DD8074 /* ViewWrapper.swift */ = {isa = PBXFileReference; lastKnownFileType = sourcecode.swift; path = ViewWrapper.swift; sourceTree = "<group>"; };
		91000FC2298780EE00DD8074 /* LoadingModifier.swift */ = {isa = PBXFileReference; lastKnownFileType = sourcecode.swift; path = LoadingModifier.swift; sourceTree = "<group>"; };
		91000FC42987811E00DD8074 /* Error.swift */ = {isa = PBXFileReference; lastKnownFileType = sourcecode.swift; path = Error.swift; sourceTree = "<group>"; };
		91000FC72987819300DD8074 /* Koin.swift */ = {isa = PBXFileReference; lastKnownFileType = sourcecode.swift; path = Koin.swift; sourceTree = "<group>"; };
		91000FCB298781E500DD8074 /* RocketLaunchView.swift */ = {isa = PBXFileReference; lastKnownFileType = sourcecode.swift; path = RocketLaunchView.swift; sourceTree = "<group>"; };
		91000FCE2987820900DD8074 /* RocketLaunchViewModel.swift */ = {isa = PBXFileReference; lastKnownFileType = sourcecode.swift; path = RocketLaunchViewModel.swift; sourceTree = "<group>"; };
		91000FD02987823000DD8074 /* AppDelegate.swift */ = {isa = PBXFileReference; lastKnownFileType = sourcecode.swift; path = AppDelegate.swift; sourceTree = "<group>"; };
		91000FD5298782C300DD8074 /* RocketLaunchNavigator.swift */ = {isa = PBXFileReference; lastKnownFileType = sourcecode.swift; path = RocketLaunchNavigator.swift; sourceTree = "<group>"; };
		91000FD7298788E400DD8074 /* DataState.swift */ = {isa = PBXFileReference; lastKnownFileType = sourcecode.swift; path = DataState.swift; sourceTree = "<group>"; };
		91000FD9298789CC00DD8074 /* ActivityIndicator.swift */ = {isa = PBXFileReference; lastKnownFileType = sourcecode.swift; path = ActivityIndicator.swift; sourceTree = "<group>"; };
		91BD2FE1298A163F00EC8A2F /* SessionManager.swift */ = {isa = PBXFileReference; lastKnownFileType = sourcecode.swift; path = SessionManager.swift; sourceTree = "<group>"; };
		9A628B4B298A1F6400A7E0D3 /* LoginView.swift */ = {isa = PBXFileReference; lastKnownFileType = sourcecode.swift; path = LoginView.swift; sourceTree = "<group>"; };
		9A628B4D298A25C300A7E0D3 /* MembershipNavigator.swift */ = {isa = PBXFileReference; lastKnownFileType = sourcecode.swift; path = MembershipNavigator.swift; sourceTree = "<group>"; };
		9A628B4F298A25FA00A7E0D3 /* MembershipAssembler.swift */ = {isa = PBXFileReference; lastKnownFileType = sourcecode.swift; path = MembershipAssembler.swift; sourceTree = "<group>"; };
		9A628B51298A620700A7E0D3 /* RegisterView.swift */ = {isa = PBXFileReference; lastKnownFileType = sourcecode.swift; path = RegisterView.swift; sourceTree = "<group>"; };
		9A628B54298A744600A7E0D3 /* StoryView.swift */ = {isa = PBXFileReference; lastKnownFileType = sourcecode.swift; path = StoryView.swift; sourceTree = "<group>"; };
		9A628B59298A747900A7E0D3 /* AddStoryView.swift */ = {isa = PBXFileReference; lastKnownFileType = sourcecode.swift; path = AddStoryView.swift; sourceTree = "<group>"; };
		9A628B5B298A799100A7E0D3 /* StoryAssembler.swift */ = {isa = PBXFileReference; lastKnownFileType = sourcecode.swift; path = StoryAssembler.swift; sourceTree = "<group>"; };
		9A628B5D298A79A200A7E0D3 /* StoryNavigator.swift */ = {isa = PBXFileReference; lastKnownFileType = sourcecode.swift; path = StoryNavigator.swift; sourceTree = "<group>"; };
		9A628B5F298A8DED00A7E0D3 /* UIViewController.swift */ = {isa = PBXFileReference; lastKnownFileType = sourcecode.swift; path = UIViewController.swift; sourceTree = "<group>"; };
		9A628B64298B226400A7E0D3 /* CustomWebImage.swift */ = {isa = PBXFileReference; lastKnownFileType = sourcecode.swift; path = CustomWebImage.swift; sourceTree = "<group>"; };
		9A628B66298B27EA00A7E0D3 /* StoryViewModel.swift */ = {isa = PBXFileReference; lastKnownFileType = sourcecode.swift; path = StoryViewModel.swift; sourceTree = "<group>"; };
		FE7477F478B23F7908664A22 /* Pods-iosApp.release.xcconfig */ = {isa = PBXFileReference; includeInIndex = 1; lastKnownFileType = text.xcconfig; name = "Pods-iosApp.release.xcconfig"; path = "Target Support Files/Pods-iosApp/Pods-iosApp.release.xcconfig"; sourceTree = "<group>"; };
/* End PBXFileReference section */

/* Begin PBXFrameworksBuildPhase section */
		6FD0F3E0CB3CC7836FB63011 /* Frameworks */ = {
			isa = PBXFrameworksBuildPhase;
			buildActionMask = 2147483647;
			files = (
				53428A7F5E9E2BD96EBAEB3D /* Pods_iosApp.framework in Frameworks */,
			);
			runOnlyForDeploymentPostprocessing = 0;
		};
/* End PBXFrameworksBuildPhase section */

/* Begin PBXGroup section */
		058557D7273AAEEB004C7B11 /* Preview Content */ = {
			isa = PBXGroup;
			children = (
				058557D8273AAEEB004C7B11 /* Preview Assets.xcassets */,
			);
			path = "Preview Content";
			sourceTree = "<group>";
		};
		4D89BE28F9EFAB7710418EC2 /* Frameworks */ = {
			isa = PBXGroup;
			children = (
				31F07845F4761798D59B3047 /* Pods_iosApp.framework */,
			);
			name = Frameworks;
			sourceTree = "<group>";
		};
		7555FF72242A565900829871 = {
			isa = PBXGroup;
			children = (
				7555FF7D242A565900829871 /* iosApp */,
				7555FF7C242A565900829871 /* Products */,
				E68E62186D45C3E22C8BB885 /* Pods */,
				4D89BE28F9EFAB7710418EC2 /* Frameworks */,
			);
			sourceTree = "<group>";
		};
		7555FF7C242A565900829871 /* Products */ = {
			isa = PBXGroup;
			children = (
				7555FF7B242A565900829871 /* iosApp.app */,
			);
			name = Products;
			sourceTree = "<group>";
		};
		7555FF7D242A565900829871 /* iosApp */ = {
			isa = PBXGroup;
			children = (
				91000FAB29877E6600DD8074 /* Dependency */,
				91000FAC29877E7100DD8074 /* App */,
				058557D7273AAEEB004C7B11 /* Preview Content */,
			);
			path = iosApp;
			sourceTree = "<group>";
		};
		91000FAB29877E6600DD8074 /* Dependency */ = {
			isa = PBXGroup;
			children = (
				91000FB529877F3100DD8074 /* AppAssembler.swift */,
				91000FB729877F9300DD8074 /* FeatureAssembler.swift */,
				9A628B4F298A25FA00A7E0D3 /* MembershipAssembler.swift */,
				9A628B5B298A799100A7E0D3 /* StoryAssembler.swift */,
			);
			path = Dependency;
			sourceTree = "<group>";
		};
		91000FAC29877E7100DD8074 /* App */ = {
			isa = PBXGroup;
			children = (
				91000FB029877EED00DD8074 /* Extension */,
				91000FB129877EF300DD8074 /* Features */,
				91000FB229877EFF00DD8074 /* Main */,
				91000FB329877F0B00DD8074 /* Resources */,
				91000FB429877F1300DD8074 /* Utils */,
				9A628B63298B225300A7E0D3 /* Views */,
			);
			path = App;
			sourceTree = "<group>";
		};
		91000FB029877EED00DD8074 /* Extension */ = {
			isa = PBXGroup;
			children = (
				91000FBB2987802000DD8074 /* ObservableObject.swift */,
				91000FBD2987804C00DD8074 /* UIScreen.swift */,
				91000FB929877FE700DD8074 /* View.swift */,
				91000FC42987811E00DD8074 /* Error.swift */,
				9A628B5F298A8DED00A7E0D3 /* UIViewController.swift */,
			);
			path = Extension;
			sourceTree = "<group>";
		};
		91000FB129877EF300DD8074 /* Features */ = {
			isa = PBXGroup;
			children = (
				9A628B53298A741800A7E0D3 /* Story */,
				9A628B47298A1F3200A7E0D3 /* Membership */,
				91000FCD298781EF00DD8074 /* RocketLaunch */,
			);
			path = Features;
			sourceTree = "<group>";
		};
		91000FB229877EFF00DD8074 /* Main */ = {
			isa = PBXGroup;
			children = (
				91000FD02987823000DD8074 /* AppDelegate.swift */,
				91000FC72987819300DD8074 /* Koin.swift */,
			);
			path = Main;
			sourceTree = "<group>";
		};
		91000FB329877F0B00DD8074 /* Resources */ = {
			isa = PBXGroup;
			children = (
				058557BA273AAA24004C7B11 /* Assets.xcassets */,
				91000FC62987815F00DD8074 /* Plist */,
			);
			path = Resources;
			sourceTree = "<group>";
		};
		91000FB429877F1300DD8074 /* Utils */ = {
			isa = PBXGroup;
			children = (
				91000FD9298789CC00DD8074 /* ActivityIndicator.swift */,
				91000FD7298788E400DD8074 /* DataState.swift */,
				91000FC2298780EE00DD8074 /* LoadingModifier.swift */,
				91BD2FE1298A163F00EC8A2F /* SessionManager.swift */,
				91000FC02987808F00DD8074 /* ViewWrapper.swift */,
			);
			path = Utils;
			sourceTree = "<group>";
		};
		91000FC62987815F00DD8074 /* Plist */ = {
			isa = PBXGroup;
			children = (
				7555FF8C242A565B00829871 /* Info.plist */,
			);
			path = Plist;
			sourceTree = "<group>";
		};
		91000FCD298781EF00DD8074 /* RocketLaunch */ = {
			isa = PBXGroup;
			children = (
				91000FD22987829C00DD8074 /* Navigator */,
				91000FD4298782A800DD8074 /* View */,
				91000FD3298782A100DD8074 /* ViewModel */,
			);
			path = RocketLaunch;
			sourceTree = "<group>";
		};
		91000FD22987829C00DD8074 /* Navigator */ = {
			isa = PBXGroup;
			children = (
				91000FD5298782C300DD8074 /* RocketLaunchNavigator.swift */,
			);
			path = Navigator;
			sourceTree = "<group>";
		};
		91000FD3298782A100DD8074 /* ViewModel */ = {
			isa = PBXGroup;
			children = (
				91000FCE2987820900DD8074 /* RocketLaunchViewModel.swift */,
			);
			path = ViewModel;
			sourceTree = "<group>";
		};
		91000FD4298782A800DD8074 /* View */ = {
			isa = PBXGroup;
			children = (
				91000FCB298781E500DD8074 /* RocketLaunchView.swift */,
			);
			path = View;
			sourceTree = "<group>";
		};
		9A628B47298A1F3200A7E0D3 /* Membership */ = {
			isa = PBXGroup;
			children = (
				9A628B48298A1F4600A7E0D3 /* Navigator */,
				9A628B49298A1F4B00A7E0D3 /* View */,
				9A628B4A298A1F5500A7E0D3 /* ViewModel */,
			);
			path = Membership;
			sourceTree = "<group>";
		};
		9A628B48298A1F4600A7E0D3 /* Navigator */ = {
			isa = PBXGroup;
			children = (
				9A628B4D298A25C300A7E0D3 /* MembershipNavigator.swift */,
			);
			path = Navigator;
			sourceTree = "<group>";
		};
		9A628B49298A1F4B00A7E0D3 /* View */ = {
			isa = PBXGroup;
			children = (
				9A628B4B298A1F6400A7E0D3 /* LoginView.swift */,
				9A628B51298A620700A7E0D3 /* RegisterView.swift */,
			);
			path = View;
			sourceTree = "<group>";
		};
		9A628B4A298A1F5500A7E0D3 /* ViewModel */ = {
			isa = PBXGroup;
			children = (
			);
			path = ViewModel;
			sourceTree = "<group>";
		};
		9A628B53298A741800A7E0D3 /* Story */ = {
			isa = PBXGroup;
			children = (
				9A628B56298A745100A7E0D3 /* Navigator */,
				9A628B57298A745800A7E0D3 /* View */,
				9A628B58298A745E00A7E0D3 /* ViewModel */,
			);
			path = Story;
			sourceTree = "<group>";
		};
		9A628B56298A745100A7E0D3 /* Navigator */ = {
			isa = PBXGroup;
			children = (
				9A628B5D298A79A200A7E0D3 /* StoryNavigator.swift */,
			);
			path = Navigator;
			sourceTree = "<group>";
		};
		9A628B57298A745800A7E0D3 /* View */ = {
			isa = PBXGroup;
			children = (
				9A628B54298A744600A7E0D3 /* StoryView.swift */,
				9A628B59298A747900A7E0D3 /* AddStoryView.swift */,
			);
			path = View;
			sourceTree = "<group>";
		};
		9A628B58298A745E00A7E0D3 /* ViewModel */ = {
			isa = PBXGroup;
			children = (
				9A628B66298B27EA00A7E0D3 /* StoryViewModel.swift */,
			);
			path = ViewModel;
			sourceTree = "<group>";
		};
		9A628B63298B225300A7E0D3 /* Views */ = {
			isa = PBXGroup;
			children = (
				9A628B64298B226400A7E0D3 /* CustomWebImage.swift */,
			);
			path = Views;
			sourceTree = "<group>";
		};
		E68E62186D45C3E22C8BB885 /* Pods */ = {
			isa = PBXGroup;
			children = (
				73CCBF082B03E4B3B7EE6474 /* Pods-iosApp.debug.xcconfig */,
				FE7477F478B23F7908664A22 /* Pods-iosApp.release.xcconfig */,
			);
			path = Pods;
			sourceTree = "<group>";
		};
/* End PBXGroup section */

/* Begin PBXNativeTarget section */
		7555FF7A242A565900829871 /* iosApp */ = {
			isa = PBXNativeTarget;
			buildConfigurationList = 7555FFA5242A565B00829871 /* Build configuration list for PBXNativeTarget "iosApp" */;
			buildPhases = (
				FAEB95B055C23859CE883623 /* [CP] Check Pods Manifest.lock */,
				7555FF77242A565900829871 /* Sources */,
				7555FF79242A565900829871 /* Resources */,
				6FD0F3E0CB3CC7836FB63011 /* Frameworks */,
				2FD20F44E6CB956B974946D3 /* [CP] Embed Pods Frameworks */,
			);
			buildRules = (
			);
			dependencies = (
			);
			name = iosApp;
			productName = iosApp;
			productReference = 7555FF7B242A565900829871 /* iosApp.app */;
			productType = "com.apple.product-type.application";
		};
/* End PBXNativeTarget section */

/* Begin PBXProject section */
		7555FF73242A565900829871 /* Project object */ = {
			isa = PBXProject;
			attributes = {
				LastSwiftUpdateCheck = 1130;
				LastUpgradeCheck = 1130;
				ORGANIZATIONNAME = orgName;
				TargetAttributes = {
					7555FF7A242A565900829871 = {
						CreatedOnToolsVersion = 11.3.1;
					};
				};
			};
			buildConfigurationList = 7555FF76242A565900829871 /* Build configuration list for PBXProject "iosApp" */;
			compatibilityVersion = "Xcode 9.3";
			developmentRegion = en;
			hasScannedForEncodings = 0;
			knownRegions = (
				en,
				Base,
			);
			mainGroup = 7555FF72242A565900829871;
			productRefGroup = 7555FF7C242A565900829871 /* Products */;
			projectDirPath = "";
			projectRoot = "";
			targets = (
				7555FF7A242A565900829871 /* iosApp */,
			);
		};
/* End PBXProject section */

/* Begin PBXResourcesBuildPhase section */
		7555FF79242A565900829871 /* Resources */ = {
			isa = PBXResourcesBuildPhase;
			buildActionMask = 2147483647;
			files = (
				058557D9273AAEEB004C7B11 /* Preview Assets.xcassets in Resources */,
				058557BB273AAA24004C7B11 /* Assets.xcassets in Resources */,
			);
			runOnlyForDeploymentPostprocessing = 0;
		};
/* End PBXResourcesBuildPhase section */

/* Begin PBXShellScriptBuildPhase section */
		2FD20F44E6CB956B974946D3 /* [CP] Embed Pods Frameworks */ = {
			isa = PBXShellScriptBuildPhase;
			buildActionMask = 2147483647;
			files = (
			);
			inputFileListPaths = (
				"${PODS_ROOT}/Target Support Files/Pods-iosApp/Pods-iosApp-frameworks-${CONFIGURATION}-input-files.xcfilelist",
			);
			name = "[CP] Embed Pods Frameworks";
			outputFileListPaths = (
				"${PODS_ROOT}/Target Support Files/Pods-iosApp/Pods-iosApp-frameworks-${CONFIGURATION}-output-files.xcfilelist",
			);
			runOnlyForDeploymentPostprocessing = 0;
			shellPath = /bin/sh;
			shellScript = "\"${PODS_ROOT}/Target Support Files/Pods-iosApp/Pods-iosApp-frameworks.sh\"\n";
			showEnvVarsInLog = 0;
		};
		FAEB95B055C23859CE883623 /* [CP] Check Pods Manifest.lock */ = {
			isa = PBXShellScriptBuildPhase;
			buildActionMask = 2147483647;
			files = (
			);
			inputFileListPaths = (
			);
			inputPaths = (
				"${PODS_PODFILE_DIR_PATH}/Podfile.lock",
				"${PODS_ROOT}/Manifest.lock",
			);
			name = "[CP] Check Pods Manifest.lock";
			outputFileListPaths = (
			);
			outputPaths = (
				"$(DERIVED_FILE_DIR)/Pods-iosApp-checkManifestLockResult.txt",
			);
			runOnlyForDeploymentPostprocessing = 0;
			shellPath = /bin/sh;
			shellScript = "diff \"${PODS_PODFILE_DIR_PATH}/Podfile.lock\" \"${PODS_ROOT}/Manifest.lock\" > /dev/null\nif [ $? != 0 ] ; then\n    # print error to STDERR\n    echo \"error: The sandbox is not in sync with the Podfile.lock. Run 'pod install' or update your CocoaPods installation.\" >&2\n    exit 1\nfi\n# This output is used by Xcode 'outputs' to avoid re-running this script phase.\necho \"SUCCESS\" > \"${SCRIPT_OUTPUT_FILE_0}\"\n";
			showEnvVarsInLog = 0;
		};
/* End PBXShellScriptBuildPhase section */

/* Begin PBXSourcesBuildPhase section */
		7555FF77242A565900829871 /* Sources */ = {
			isa = PBXSourcesBuildPhase;
			buildActionMask = 2147483647;
			files = (
				91000FC12987808F00DD8074 /* ViewWrapper.swift in Sources */,
				9A628B52298A620700A7E0D3 /* RegisterView.swift in Sources */,
				9A628B65298B226400A7E0D3 /* CustomWebImage.swift in Sources */,
				9A628B5A298A747900A7E0D3 /* AddStoryView.swift in Sources */,
				91000FDA298789CC00DD8074 /* ActivityIndicator.swift in Sources */,
				9A628B60298A8DED00A7E0D3 /* UIViewController.swift in Sources */,
				9A628B55298A744600A7E0D3 /* StoryView.swift in Sources */,
				91000FC3298780EE00DD8074 /* LoadingModifier.swift in Sources */,
				91000FCC298781E500DD8074 /* RocketLaunchView.swift in Sources */,
				9A628B50298A25FA00A7E0D3 /* MembershipAssembler.swift in Sources */,
				91000FD12987823000DD8074 /* AppDelegate.swift in Sources */,
				91000FCF2987820900DD8074 /* RocketLaunchViewModel.swift in Sources */,
				91000FBA29877FE700DD8074 /* View.swift in Sources */,
				9A628B5E298A79A200A7E0D3 /* StoryNavigator.swift in Sources */,
				9A628B4E298A25C300A7E0D3 /* MembershipNavigator.swift in Sources */,
				91000FD6298782C300DD8074 /* RocketLaunchNavigator.swift in Sources */,
				91000FB629877F3100DD8074 /* AppAssembler.swift in Sources */,
				91000FC82987819300DD8074 /* Koin.swift in Sources */,
				9A628B67298B27EA00A7E0D3 /* StoryViewModel.swift in Sources */,
				9A628B4C298A1F6400A7E0D3 /* LoginView.swift in Sources */,
				91000FD8298788E400DD8074 /* DataState.swift in Sources */,
				91000FB829877F9300DD8074 /* FeatureAssembler.swift in Sources */,
				9A628B5C298A799100A7E0D3 /* StoryAssembler.swift in Sources */,
				91000FBE2987804C00DD8074 /* UIScreen.swift in Sources */,
				91000FC52987811E00DD8074 /* Error.swift in Sources */,
				91BD2FE2298A163F00EC8A2F /* SessionManager.swift in Sources */,
				91000FBC2987802000DD8074 /* ObservableObject.swift in Sources */,
			);
			runOnlyForDeploymentPostprocessing = 0;
		};
/* End PBXSourcesBuildPhase section */

/* Begin XCBuildConfiguration section */
		7555FFA3242A565B00829871 /* Debug */ = {
			isa = XCBuildConfiguration;
			buildSettings = {
				ALWAYS_SEARCH_USER_PATHS = NO;
				CLANG_ANALYZER_NONNULL = YES;
				CLANG_ANALYZER_NUMBER_OBJECT_CONVERSION = YES_AGGRESSIVE;
				CLANG_CXX_LANGUAGE_STANDARD = "gnu++14";
				CLANG_CXX_LIBRARY = "libc++";
				CLANG_ENABLE_MODULES = YES;
				CLANG_ENABLE_OBJC_ARC = YES;
				CLANG_ENABLE_OBJC_WEAK = YES;
				CLANG_WARN_BLOCK_CAPTURE_AUTORELEASING = YES;
				CLANG_WARN_BOOL_CONVERSION = YES;
				CLANG_WARN_COMMA = YES;
				CLANG_WARN_CONSTANT_CONVERSION = YES;
				CLANG_WARN_DEPRECATED_OBJC_IMPLEMENTATIONS = YES;
				CLANG_WARN_DIRECT_OBJC_ISA_USAGE = YES_ERROR;
				CLANG_WARN_DOCUMENTATION_COMMENTS = YES;
				CLANG_WARN_EMPTY_BODY = YES;
				CLANG_WARN_ENUM_CONVERSION = YES;
				CLANG_WARN_INFINITE_RECURSION = YES;
				CLANG_WARN_INT_CONVERSION = YES;
				CLANG_WARN_NON_LITERAL_NULL_CONVERSION = YES;
				CLANG_WARN_OBJC_IMPLICIT_RETAIN_SELF = YES;
				CLANG_WARN_OBJC_LITERAL_CONVERSION = YES;
				CLANG_WARN_OBJC_ROOT_CLASS = YES_ERROR;
				CLANG_WARN_QUOTED_INCLUDE_IN_FRAMEWORK_HEADER = YES;
				CLANG_WARN_RANGE_LOOP_ANALYSIS = YES;
				CLANG_WARN_STRICT_PROTOTYPES = YES;
				CLANG_WARN_SUSPICIOUS_MOVE = YES;
				CLANG_WARN_UNGUARDED_AVAILABILITY = YES_AGGRESSIVE;
				CLANG_WARN_UNREACHABLE_CODE = YES;
				CLANG_WARN__DUPLICATE_METHOD_MATCH = YES;
				COPY_PHASE_STRIP = NO;
				DEBUG_INFORMATION_FORMAT = "dwarf-with-dsym";
				ENABLE_STRICT_OBJC_MSGSEND = YES;
				ENABLE_TESTABILITY = YES;
				GCC_C_LANGUAGE_STANDARD = gnu11;
				GCC_DYNAMIC_NO_PIC = NO;
				GCC_NO_COMMON_BLOCKS = YES;
				GCC_OPTIMIZATION_LEVEL = 0;
				GCC_PREPROCESSOR_DEFINITIONS = (
					"DEBUG=1",
					"$(inherited)",
				);
				GCC_WARN_64_TO_32_BIT_CONVERSION = YES;
				GCC_WARN_ABOUT_RETURN_TYPE = YES_ERROR;
				GCC_WARN_UNDECLARED_SELECTOR = YES;
				GCC_WARN_UNINITIALIZED_AUTOS = YES_AGGRESSIVE;
				GCC_WARN_UNUSED_FUNCTION = YES;
				GCC_WARN_UNUSED_VARIABLE = YES;
				IPHONEOS_DEPLOYMENT_TARGET = 14.0;
				MTL_ENABLE_DEBUG_INFO = INCLUDE_SOURCE;
				MTL_FAST_MATH = YES;
				ONLY_ACTIVE_ARCH = YES;
				SDKROOT = iphoneos;
				SWIFT_ACTIVE_COMPILATION_CONDITIONS = DEBUG;
				SWIFT_OPTIMIZATION_LEVEL = "-Onone";
			};
			name = Debug;
		};
		7555FFA4242A565B00829871 /* Release */ = {
			isa = XCBuildConfiguration;
			buildSettings = {
				ALWAYS_SEARCH_USER_PATHS = NO;
				CLANG_ANALYZER_NONNULL = YES;
				CLANG_ANALYZER_NUMBER_OBJECT_CONVERSION = YES_AGGRESSIVE;
				CLANG_CXX_LANGUAGE_STANDARD = "gnu++14";
				CLANG_CXX_LIBRARY = "libc++";
				CLANG_ENABLE_MODULES = YES;
				CLANG_ENABLE_OBJC_ARC = YES;
				CLANG_ENABLE_OBJC_WEAK = YES;
				CLANG_WARN_BLOCK_CAPTURE_AUTORELEASING = YES;
				CLANG_WARN_BOOL_CONVERSION = YES;
				CLANG_WARN_COMMA = YES;
				CLANG_WARN_CONSTANT_CONVERSION = YES;
				CLANG_WARN_DEPRECATED_OBJC_IMPLEMENTATIONS = YES;
				CLANG_WARN_DIRECT_OBJC_ISA_USAGE = YES_ERROR;
				CLANG_WARN_DOCUMENTATION_COMMENTS = YES;
				CLANG_WARN_EMPTY_BODY = YES;
				CLANG_WARN_ENUM_CONVERSION = YES;
				CLANG_WARN_INFINITE_RECURSION = YES;
				CLANG_WARN_INT_CONVERSION = YES;
				CLANG_WARN_NON_LITERAL_NULL_CONVERSION = YES;
				CLANG_WARN_OBJC_IMPLICIT_RETAIN_SELF = YES;
				CLANG_WARN_OBJC_LITERAL_CONVERSION = YES;
				CLANG_WARN_OBJC_ROOT_CLASS = YES_ERROR;
				CLANG_WARN_QUOTED_INCLUDE_IN_FRAMEWORK_HEADER = YES;
				CLANG_WARN_RANGE_LOOP_ANALYSIS = YES;
				CLANG_WARN_STRICT_PROTOTYPES = YES;
				CLANG_WARN_SUSPICIOUS_MOVE = YES;
				CLANG_WARN_UNGUARDED_AVAILABILITY = YES_AGGRESSIVE;
				CLANG_WARN_UNREACHABLE_CODE = YES;
				CLANG_WARN__DUPLICATE_METHOD_MATCH = YES;
				COPY_PHASE_STRIP = NO;
				DEBUG_INFORMATION_FORMAT = "dwarf-with-dsym";
				ENABLE_NS_ASSERTIONS = NO;
				ENABLE_STRICT_OBJC_MSGSEND = YES;
				GCC_C_LANGUAGE_STANDARD = gnu11;
				GCC_NO_COMMON_BLOCKS = YES;
				GCC_WARN_64_TO_32_BIT_CONVERSION = YES;
				GCC_WARN_ABOUT_RETURN_TYPE = YES_ERROR;
				GCC_WARN_UNDECLARED_SELECTOR = YES;
				GCC_WARN_UNINITIALIZED_AUTOS = YES_AGGRESSIVE;
				GCC_WARN_UNUSED_FUNCTION = YES;
				GCC_WARN_UNUSED_VARIABLE = YES;
				IPHONEOS_DEPLOYMENT_TARGET = 14.0;
				MTL_ENABLE_DEBUG_INFO = NO;
				MTL_FAST_MATH = YES;
				SDKROOT = iphoneos;
				SWIFT_COMPILATION_MODE = wholemodule;
				SWIFT_OPTIMIZATION_LEVEL = "-O";
				VALIDATE_PRODUCT = YES;
			};
			name = Release;
		};
		7555FFA6242A565B00829871 /* Debug */ = {
			isa = XCBuildConfiguration;
			baseConfigurationReference = 73CCBF082B03E4B3B7EE6474 /* Pods-iosApp.debug.xcconfig */;
			buildSettings = {
				ASSETCATALOG_COMPILER_APPICON_NAME = AppIcon;
				CODE_SIGN_IDENTITY = "Apple Development";
				CODE_SIGN_STYLE = Automatic;
				DEVELOPMENT_ASSET_PATHS = "\"iosApp/Preview Content\"";
				DEVELOPMENT_TEAM = SM8JGRFPQU;
				ENABLE_PREVIEWS = YES;
				INFOPLIST_FILE = iosApp/App/Resources/Plist/Info.plist;
				IPHONEOS_DEPLOYMENT_TARGET = 14.0;
				LD_RUNPATH_SEARCH_PATHS = (
					"$(inherited)",
					"@executable_path/Frameworks",
				);
				OTHER_LDFLAGS = (
					"$(inherited)",
					"-ObjC",
					"-l\"c++\"",
					"-framework",
					"\"Combine\"",
					"-framework",
					"\"ImageIO\"",
					"-framework",
					"\"Introspect\"",
					"-framework",
					"\"KMPNativeCoroutinesCombine\"",
					"-framework",
					"\"KMPNativeCoroutinesCore\"",
					"-framework",
					"\"Shared\"",
					"-framework",
					"\"netfox\"",
					"-weak_framework",
					"\"Combine\"",
					"-weak_framework",
					"\"SwiftUI\"",
					"-lsqlite3",
				);
				PRODUCT_BUNDLE_IDENTIFIER = com.nbskmm.ios;
				PRODUCT_NAME = "$(TARGET_NAME)";
				PROVISIONING_PROFILE_SPECIFIER = "";
				SWIFT_VERSION = 5.0;
				TARGETED_DEVICE_FAMILY = "1,2";
			};
			name = Debug;
		};
		7555FFA7242A565B00829871 /* Release */ = {
			isa = XCBuildConfiguration;
			baseConfigurationReference = FE7477F478B23F7908664A22 /* Pods-iosApp.release.xcconfig */;
			buildSettings = {
				ASSETCATALOG_COMPILER_APPICON_NAME = AppIcon;
				CODE_SIGN_IDENTITY = "Apple Development";
				CODE_SIGN_STYLE = Automatic;
				DEVELOPMENT_ASSET_PATHS = "\"iosApp/Preview Content\"";
				DEVELOPMENT_TEAM = SM8JGRFPQU;
				ENABLE_PREVIEWS = YES;
				INFOPLIST_FILE = iosApp/App/Resources/Plist/Info.plist;
				IPHONEOS_DEPLOYMENT_TARGET = 14.0;
				LD_RUNPATH_SEARCH_PATHS = (
					"$(inherited)",
					"@executable_path/Frameworks",
				);
				OTHER_LDFLAGS = (
					"$(inherited)",
					"-ObjC",
					"-l\"c++\"",
					"-framework",
					"\"Combine\"",
					"-framework",
					"\"ImageIO\"",
					"-framework",
					"\"Introspect\"",
					"-framework",
					"\"KMPNativeCoroutinesCombine\"",
					"-framework",
					"\"KMPNativeCoroutinesCore\"",
					"-framework",
					"\"Shared\"",
					"-framework",
					"\"netfox\"",
					"-weak_framework",
					"\"Combine\"",
					"-weak_framework",
					"\"SwiftUI\"",
					"-lsqlite3",
				);
				PRODUCT_BUNDLE_IDENTIFIER = com.nbskmm.ios;
				PRODUCT_NAME = "$(TARGET_NAME)";
				PROVISIONING_PROFILE_SPECIFIER = "";
				SWIFT_VERSION = 5.0;
				TARGETED_DEVICE_FAMILY = "1,2";
			};
			name = Release;
		};
/* End XCBuildConfiguration section */

/* Begin XCConfigurationList section */
		7555FF76242A565900829871 /* Build configuration list for PBXProject "iosApp" */ = {
			isa = XCConfigurationList;
			buildConfigurations = (
				7555FFA3242A565B00829871 /* Debug */,
				7555FFA4242A565B00829871 /* Release */,
			);
			defaultConfigurationIsVisible = 0;
			defaultConfigurationName = Release;
		};
		7555FFA5242A565B00829871 /* Build configuration list for PBXNativeTarget "iosApp" */ = {
			isa = XCConfigurationList;
			buildConfigurations = (
				7555FFA6242A565B00829871 /* Debug */,
				7555FFA7242A565B00829871 /* Release */,
			);
			defaultConfigurationIsVisible = 0;
			defaultConfigurationName = Release;
		};
/* End XCConfigurationList section */
	};
	rootObject = 7555FF73242A565900829871 /* Project object */;
}
